PODS:
  - Capacitor (2.4.9):
    - CapacitorCordova
  - CapacitorCordova (2.4.9)

DEPENDENCIES:
  - "Capacitor (from `../node_modules/@capacitor/ios`)"
  - "CapacitorCordova (from `../node_modules/@capacitor/ios`)"

EXTERNAL SOURCES:
  Capacitor:
    :path: "../node_modules/@capacitor/ios"
  CapacitorCordova:
    :path: "../node_modules/@capacitor/ios"

SPEC CHECKSUMS:
  Capacitor: 01653dbbed959772af133413b2623872ff002964
  CapacitorCordova: 601352ed40e9121311b431a346fbde503afd7af5

PODFILE CHECKSUM: e66d6fa04b0daaf06d8498d39637adf77139c716

COCOAPODS: 1.8.4
